# This file is automatically @generated by Cargo.
# It is not intended for manual editing.
version = 4

[[package]]
name = "cb-cache"
version = "0.0.1"

[[package]]
name = "cb-chart"
version = "0.0.1"

[[package]]
name = "cb-cli"
version = "0.0.1"
dependencies = [
 "cb-cache",
 "cb-chart",
 "cb-core",
 "cb-docs",
 "cb-memtier",
 "cb-perf",
 "cb-stats",
]

[[package]]
name = "cb-core"
version = "0.0.1"

[[package]]
name = "cb-docs"
version = "0.0.1"

[[package]]
name = "cb-memtier"
version = "0.0.1"

[[package]]
name = "cb-perf"
version = "0.0.1"

[[package]]
name = "cb-stats"
version = "0.0.1"

[[package]]
name = "xtask"
version = "0.0.1"
